
Microsoft Visual Studio Solution File, Format Version 12.00
# Visual Studio Version 16
VisualStudioVersion = 16.0.30907.101
MinimumVisualStudioVersion = 10.0.40219.1
Project("{FAE04EC0-301F-11D3-BF4B-00C04F79EFBC}") = "EntityModelsMigrationService", "EntityModelsMigrationService\EntityModelsMigrationService.csproj", "{29F671BB-338E-49D0-8E71-D87B199468EA}"
EndProject
Global
	GlobalSection(SolutionConfigurationPlatforms) = preSolution
		Debug|Any CPU = Debug|Any CPU
		Release|Any CPU = Release|Any CPU
	EndGlobalSection
	GlobalSection(ProjectConfigurationPlatforms) = postSolution
		{29F671BB-338E-49D0-8E71-D87B199468EA}.Debug|Any CPU.ActiveCfg = Debug|Any CPU
		{29F671BB-338E-49D0-8E71-D87B199468EA}.Debug|Any CPU.Build.0 = Debug|Any CPU
		{29F671BB-338E-49D0-8E71-D87B199468EA}.Release|Any CPU.ActiveCfg = Release|Any CPU
		{29F671BB-338E-49D0-8E71-D87B199468EA}.Release|Any CPU.Build.0 = Release|Any CPU
	EndGlobalSection
	GlobalSection(SolutionProperties) = preSolution
		HideSolutionNode = FALSE
	EndGlobalSection
	GlobalSection(ExtensibilityGlobals) = postSolution
		SolutionGuid = {3132CC22-23CF-446D-9CBE-1C1339280CCF}
	EndGlobalSection
EndGlobal
